Microsoft Visual Studio Solution File, Format Version 11.00
# Visual Studio 2015
Project("{F20C7B35-6AE7-E78D-F29E-5FD619117C15}") = "MIDI Synthesizer", "MIDI Synthesizer.vcxproj", "{29B441DB-958C-2420-B9AA-D7FCD31DFD3F}"
EndProject
Global
	GlobalSection(SolutionConfigurationPlatforms) = preSolution
		Debug|Win32 = Debug|Win32
		Release|Win32 = Release|Win32
	EndGlobalSection
	GlobalSection(ProjectConfigurationPlatforms) = postSolution
		{29B441DB-958C-2420-B9AA-D7FCD31DFD3F}.Debug|Win32.ActiveCfg = Debug|Win32
		{29B441DB-958C-2420-B9AA-D7FCD31DFD3F}.Debug|Win32.Build.0 = Debug|Win32
		{29B441DB-958C-2420-B9AA-D7FCD31DFD3F}.Release|Win32.ActiveCfg = Release|Win32
		{29B441DB-958C-2420-B9AA-D7FCD31DFD3F}.Release|Win32.Build.0 = Release|Win32
	EndGlobalSection
	GlobalSection(SolutionProperties) = preSolution
		HideSolutionNode = FALSE
	EndGlobalSection
EndGlobal
